
Microsoft Visual Studio Solution File, Format Version 12.00
# Visual Studio Version 17
VisualStudioVersion = 17.6.33815.320
MinimumVisualStudioVersion = 10.0.40219.1
Project("{FAE04EC0-301F-11D3-BF4B-00C04F79EFBC}") = "QuaChattingApp", "QuaChattingApp.csproj", "{2FD6F000-0DE4-4E3D-A3ED-3E34FAC95E61}"
EndProject
Global
	GlobalSection(SolutionConfigurationPlatforms) = preSolution
		Debug|Any CPU = Debug|Any CPU
		Release|Any CPU = Release|Any CPU
	EndGlobalSection
	GlobalSection(ProjectConfigurationPlatforms) = postSolution
		{2FD6F000-0DE4-4E3D-A3ED-3E34FAC95E61}.Debug|Any CPU.ActiveCfg = Debug|Any CPU
		{2FD6F000-0DE4-4E3D-A3ED-3E34FAC95E61}.Debug|Any CPU.Build.0 = Debug|Any CPU
		{2FD6F000-0DE4-4E3D-A3ED-3E34FAC95E61}.Release|Any CPU.ActiveCfg = Release|Any CPU
		{2FD6F000-0DE4-4E3D-A3ED-3E34FAC95E61}.Release|Any CPU.Build.0 = Release|Any CPU
	EndGlobalSection
	GlobalSection(SolutionProperties) = preSolution
		HideSolutionNode = FALSE
	EndGlobalSection
	GlobalSection(ExtensibilityGlobals) = postSolution
		SolutionGuid = {BCD06290-D80E-4854-B9EA-A17D02DA36C6}
	EndGlobalSection
EndGlobal
